
Microsoft Visual Studio Solution File, Format Version 12.00
# Visual Studio Version 17
VisualStudioVersion = 17.13.35931.197 d17.13
MinimumVisualStudioVersion = 10.0.40219.1
Project("{FAE04EC0-301F-11D3-BF4B-00C04F79EFBC}") = "WindowsFormsApp1", "WindowsFormsApp1\WindowsFormsApp1.csproj", "{DDD132C9-F78A-4C33-AD36-22EB7E58E4B9}"
EndProject
Global
	GlobalSection(SolutionConfigurationPlatforms) = preSolution
		Debug|Any CPU = Debug|Any CPU
		Release|Any CPU = Release|Any CPU
	EndGlobalSection
	GlobalSection(ProjectConfigurationPlatforms) = postSolution
		{DDD132C9-F78A-4C33-AD36-22EB7E58E4B9}.Debug|Any CPU.ActiveCfg = Debug|Any CPU
		{DDD132C9-F78A-4C33-AD36-22EB7E58E4B9}.Debug|Any CPU.Build.0 = Debug|Any CPU
		{DDD132C9-F78A-4C33-AD36-22EB7E58E4B9}.Release|Any CPU.ActiveCfg = Release|Any CPU
		{DDD132C9-F78A-4C33-AD36-22EB7E58E4B9}.Release|Any CPU.Build.0 = Release|Any CPU
	EndGlobalSection
	GlobalSection(SolutionProperties) = preSolution
		HideSolutionNode = FALSE
	EndGlobalSection
	GlobalSection(ExtensibilityGlobals) = postSolution
		SolutionGuid = {B01507A3-FE41-4B72-AF26-CA1D18D87DE2}
	EndGlobalSection
EndGlobal
